<?xml version="1.0" encoding="utf-8"?>
<Project ToolsVersion="4.0" xmlns="http://schemas.microsoft.com/developer/msbuild/2003">
  <ItemGroup>
    <Filter Include="Core">
      <UniqueIdentifier>{d75b0a5b-2a4b-458d-b8d7-95c270abca91}</UniqueIdentifier>
    </Filter>
    <Filter Include="Entities">
      <UniqueIdentifier>{3fc8b25b-d432-4390-8e3e-bce87e05e292}</UniqueIdentifier>
    </Filter>
    <Filter Include="Geometry">
      <UniqueIdentifier>{74cb2704-9337-4de1-8753-b745a849b16e}</UniqueIdentifier>
    </Filter>
    <Filter Include="Render">
      <UniqueIdentifier>{593904e4-da11-4944-b739-1b9a5d9779f1}</UniqueIdentifier>
    </Filter>
    <Filter Include="Application">
      <UniqueIdentifier>{068c022c-2136-4e77-b048-50c0bc322b6c}</UniqueIdentifier>
    </Filter>
  </ItemGroup>
  <ItemGroup>
    <ClInclude Include="src\Globals.h">
      <Filter>Application</Filter>
    </ClInclude>
    <ClInclude Include="src\MemLeaks.h">
      <Filter>Application</Filter>
    </ClInclude>
    <ClInclude Include="src\ResourceManager.h">
      <Filter>Application</Filter>
    </ClInclude>
    <ClInclude Include="src\Scene.h">
      <Filter>Core</Filter>
    </ClInclude>
    <ClInclude Include="src\Game.h">
      <Filter>Core</Filter>
    </ClInclude>
    <ClInclude Include="src\TileMap.h">
      <Filter>Core</Filter>
    </ClInclude>
    <ClInclude Include="src\Entity.h">
      <Filter>Entities</Filter>
    </ClInclude>
    <ClInclude Include="src\Object.h">
      <Filter>Entities</Filter>
    </ClInclude>
    <ClInclude Include="src\Player.h">
      <Filter>Entities</Filter>
    </ClInclude>
    <ClInclude Include="src\AABB.h">
      <Filter>Geometry</Filter>
    </ClInclude>
    <ClInclude Include="src\Point.h">
      <Filter>Geometry</Filter>
    </ClInclude>
    <ClInclude Include="src\RenderComponent.h">
      <Filter>Render</Filter>
    </ClInclude>
    <ClInclude Include="src\Sprite.h">
      <Filter>Render</Filter>
    </ClInclude>
    <ClInclude Include="src\StaticImage.h">
      <Filter>Render</Filter>
    </ClInclude>
  </ItemGroup>
  <ItemGroup>
    <ClCompile Include="src\Globals.cpp">
      <Filter>Application</Filter>
    </ClCompile>
    <ClCompile Include="src\main.cpp">
      <Filter>Application</Filter>
    </ClCompile>
    <ClCompile Include="src\ResourceManager.cpp">
      <Filter>Application</Filter>
    </ClCompile>
    <ClCompile Include="src\Scene.cpp">
      <Filter>Core</Filter>
    </ClCompile>
    <ClCompile Include="src\Game.cpp">
      <Filter>Core</Filter>
    </ClCompile>
    <ClCompile Include="src\TileMap.cpp">
      <Filter>Core</Filter>
    </ClCompile>
    <ClCompile Include="src\Entity.cpp">
      <Filter>Entities</Filter>
    </ClCompile>
    <ClCompile Include="src\Object.cpp">
      <Filter>Entities</Filter>
    </ClCompile>
    <ClCompile Include="src\Player.cpp">
      <Filter>Entities</Filter>
    </ClCompile>
    <ClCompile Include="src\AABB.cpp">
      <Filter>Geometry</Filter>
    </ClCompile>
    <ClCompile Include="src\RenderComponent.cpp">
      <Filter>Render</Filter>
    </ClCompile>
    <ClCompile Include="src\Sprite.cpp">
      <Filter>Render</Filter>
    </ClCompile>
    <ClCompile Include="src\StaticImage.cpp">
      <Filter>Render</Filter>
    </ClCompile>
  </ItemGroup>
</Project>